{
  "name": "client_packages",
  "lockfileVersion": 3,
  "requires": true,
  "packages": {
    "": {
      "dependencies": {
        "rage-rpc": "^0.4.0"
      },
      "devDependencies": {
        "@types/ragemp-c": "github:CocaColaBear/types-ragemp-c#v2.0"
      }
    },
    "node_modules/@types/ragemp-c": {
      "version": "2.1.0",
      "resolved": "git+ssh://git@github.com/CocaColaBear/types-ragemp-c.git#f78d979e94bfd0d806bc100024b3e96febb7cc75",
      "dev": true,
      "license": "MIT"
    },
    "node_modules/rage-rpc": {
      "version": "0.4.0",
      "resolved": "https://registry.npmjs.org/rage-rpc/-/rage-rpc-0.4.0.tgz",
      "integrity": "sha512-HF+95tUM/RWOXSDW2lsirQmdhiNZsaDnZLAzaUo0wJmsZ37qmy8BzyVkOx2oboMCS+mJmXvZhMKcKA10rptjeQ=="
    }
  }
}
